
Microsoft Visual Studio Solution File, Format Version 12.00
# Visual Studio 2012
Project("{8BC9CEB8-8B4A-11D0-8D11-00A0C91BC942}") = "Page 82", "Page 82\Page 82.vcxproj", "{F583F5D7-60CC-4720-9A36-7485B2ECBDDA}"
EndProject
Global
	GlobalSection(SolutionConfigurationPlatforms) = preSolution
		Debug|Win32 = Debug|Win32
		Release|Win32 = Release|Win32
	EndGlobalSection
	GlobalSection(ProjectConfigurationPlatforms) = postSolution
		{F583F5D7-60CC-4720-9A36-7485B2ECBDDA}.Debug|Win32.ActiveCfg = Debug|Win32
		{F583F5D7-60CC-4720-9A36-7485B2ECBDDA}.Debug|Win32.Build.0 = Debug|Win32
		{F583F5D7-60CC-4720-9A36-7485B2ECBDDA}.Release|Win32.ActiveCfg = Release|Win32
		{F583F5D7-60CC-4720-9A36-7485B2ECBDDA}.Release|Win32.Build.0 = Release|Win32
	EndGlobalSection
	GlobalSection(SolutionProperties) = preSolution
		HideSolutionNode = FALSE
	EndGlobalSection
EndGlobal
