
Microsoft Visual Studio Solution File, Format Version 12.00
# Visual Studio 2012
Project("{8BC9CEB8-8B4A-11D0-8D11-00A0C91BC942}") = "ex004", "ex004\ex004.vcxproj", "{204E6169-CB36-4BF7-B723-C3D3C4F08517}"
EndProject
Global
	GlobalSection(SolutionConfigurationPlatforms) = preSolution
		Debug|Win32 = Debug|Win32
		Release|Win32 = Release|Win32
	EndGlobalSection
	GlobalSection(ProjectConfigurationPlatforms) = postSolution
		{204E6169-CB36-4BF7-B723-C3D3C4F08517}.Debug|Win32.ActiveCfg = Debug|Win32
		{204E6169-CB36-4BF7-B723-C3D3C4F08517}.Debug|Win32.Build.0 = Debug|Win32
		{204E6169-CB36-4BF7-B723-C3D3C4F08517}.Release|Win32.ActiveCfg = Release|Win32
		{204E6169-CB36-4BF7-B723-C3D3C4F08517}.Release|Win32.Build.0 = Release|Win32
	EndGlobalSection
	GlobalSection(SolutionProperties) = preSolution
		HideSolutionNode = FALSE
	EndGlobalSection
EndGlobal
