
Microsoft Visual Studio Solution File, Format Version 12.00
# Visual Studio 2012
Project("{8BC9CEB8-8B4A-11D0-8D11-00A0C91BC942}") = "ex008", "ex008\ex008.vcxproj", "{2F624FE9-7300-4039-9648-8BEE80B67EDC}"
EndProject
Global
	GlobalSection(SolutionConfigurationPlatforms) = preSolution
		Debug|Win32 = Debug|Win32
		Release|Win32 = Release|Win32
	EndGlobalSection
	GlobalSection(ProjectConfigurationPlatforms) = postSolution
		{2F624FE9-7300-4039-9648-8BEE80B67EDC}.Debug|Win32.ActiveCfg = Debug|Win32
		{2F624FE9-7300-4039-9648-8BEE80B67EDC}.Debug|Win32.Build.0 = Debug|Win32
		{2F624FE9-7300-4039-9648-8BEE80B67EDC}.Release|Win32.ActiveCfg = Release|Win32
		{2F624FE9-7300-4039-9648-8BEE80B67EDC}.Release|Win32.Build.0 = Release|Win32
	EndGlobalSection
	GlobalSection(SolutionProperties) = preSolution
		HideSolutionNode = FALSE
	EndGlobalSection
EndGlobal
