
Microsoft Visual Studio Solution File, Format Version 12.00
# Visual Studio 2012
Project("{8BC9CEB8-8B4A-11D0-8D11-00A0C91BC942}") = "草稿", "草稿\草稿.vcxproj", "{3695B3DA-EF0C-4013-ABDD-579B58653348}"
EndProject
Global
	GlobalSection(SolutionConfigurationPlatforms) = preSolution
		Debug|Win32 = Debug|Win32
		Release|Win32 = Release|Win32
	EndGlobalSection
	GlobalSection(ProjectConfigurationPlatforms) = postSolution
		{3695B3DA-EF0C-4013-ABDD-579B58653348}.Debug|Win32.ActiveCfg = Debug|Win32
		{3695B3DA-EF0C-4013-ABDD-579B58653348}.Debug|Win32.Build.0 = Debug|Win32
		{3695B3DA-EF0C-4013-ABDD-579B58653348}.Release|Win32.ActiveCfg = Release|Win32
		{3695B3DA-EF0C-4013-ABDD-579B58653348}.Release|Win32.Build.0 = Release|Win32
	EndGlobalSection
	GlobalSection(SolutionProperties) = preSolution
		HideSolutionNode = FALSE
	EndGlobalSection
	GlobalSection(Performance) = preSolution
		HasPerformanceSessions = true
	EndGlobalSection
EndGlobal
