
Microsoft Visual Studio Solution File, Format Version 12.00
# Visual Studio 2012
Project("{8BC9CEB8-8B4A-11D0-8D11-00A0C91BC942}") = "图", "图\图.vcxproj", "{4BC9E391-A07D-4D5D-B496-7C22B7CA38C0}"
EndProject
Global
	GlobalSection(SolutionConfigurationPlatforms) = preSolution
		Debug|Win32 = Debug|Win32
		Release|Win32 = Release|Win32
	EndGlobalSection
	GlobalSection(ProjectConfigurationPlatforms) = postSolution
		{4BC9E391-A07D-4D5D-B496-7C22B7CA38C0}.Debug|Win32.ActiveCfg = Debug|Win32
		{4BC9E391-A07D-4D5D-B496-7C22B7CA38C0}.Debug|Win32.Build.0 = Debug|Win32
		{4BC9E391-A07D-4D5D-B496-7C22B7CA38C0}.Release|Win32.ActiveCfg = Release|Win32
		{4BC9E391-A07D-4D5D-B496-7C22B7CA38C0}.Release|Win32.Build.0 = Release|Win32
	EndGlobalSection
	GlobalSection(SolutionProperties) = preSolution
		HideSolutionNode = FALSE
	EndGlobalSection
EndGlobal
